
Microsoft Visual Studio Solution File, Format Version 12.00
# Visual Studio Version 17
VisualStudioVersion = 17.4.33103.184
MinimumVisualStudioVersion = 10.0.40219.1
Project("{FAE04EC0-301F-11D3-BF4B-00C04F79EFBC}") = "GradeAverageCalculator", "GradeAverageCalculator\GradeAverageCalculator.csproj", "{F4D7BAD8-B5BE-4249-A18B-F78986C16E2C}"
EndProject
Global
	GlobalSection(SolutionConfigurationPlatforms) = preSolution
		Debug|Any CPU = Debug|Any CPU
		Release|Any CPU = Release|Any CPU
	EndGlobalSection
	GlobalSection(ProjectConfigurationPlatforms) = postSolution
		{F4D7BAD8-B5BE-4249-A18B-F78986C16E2C}.Debug|Any CPU.ActiveCfg = Debug|Any CPU
		{F4D7BAD8-B5BE-4249-A18B-F78986C16E2C}.Debug|Any CPU.Build.0 = Debug|Any CPU
		{F4D7BAD8-B5BE-4249-A18B-F78986C16E2C}.Release|Any CPU.ActiveCfg = Release|Any CPU
		{F4D7BAD8-B5BE-4249-A18B-F78986C16E2C}.Release|Any CPU.Build.0 = Release|Any CPU
	EndGlobalSection
	GlobalSection(SolutionProperties) = preSolution
		HideSolutionNode = FALSE
	EndGlobalSection
	GlobalSection(ExtensibilityGlobals) = postSolution
		SolutionGuid = {507B023F-68C3-477B-8CE4-349662E389D6}
	EndGlobalSection
EndGlobal
